# This file is generated by running "yarn install" inside your project.
# Manual changes might be lost - proceed with caution!

__metadata:
  version: 8
  cacheKey: 10c0

"@biomejs/biome@npm:2.4.7":
  version: 2.4.7
  resolution: "@biomejs/biome@npm:2.4.7"
  dependencies:
    "@biomejs/cli-darwin-arm64": "npm:2.4.7"
    "@biomejs/cli-darwin-x64": "npm:2.4.7"
    "@biomejs/cli-linux-arm64": "npm:2.4.7"
    "@biomejs/cli-linux-arm64-musl": "npm:2.4.7"
    "@biomejs/cli-linux-x64": "npm:2.4.7"
    "@biomejs/cli-linux-x64-musl": "npm:2.4.7"
    "@biomejs/cli-win32-arm64": "npm:2.4.7"
    "@biomejs/cli-win32-x64": "npm:2.4.7"
  dependenciesMeta:
    "@biomejs/cli-darwin-arm64":
      optional: true
    "@biomejs/cli-darwin-x64":
      optional: true
    "@biomejs/cli-linux-arm64":
      optional: true
    "@biomejs/cli-linux-arm64-musl":
      optional: true
    "@biomejs/cli-linux-x64":
      optional: true
    "@biomejs/cli-linux-x64-musl":
      optional: true
    "@biomejs/cli-win32-arm64":
      optional: true
    "@biomejs/cli-win32-x64":
      optional: true
  bin:
    biome: bin/biome
  checksum: 10c0/c073da6f081b72e061e471f6bc6d8680978dceb84a3528cb58117466d38ecb7cef075d949875d2371a268af030c2afece0fb6dd593d124fc8706c9307909f244
  languageName: node
  linkType: hard

"@biomejs/cli-darwin-arm64@npm:2.4.7":
  version: 2.4.7
  resolution: "@biomejs/cli-darwin-arm64@npm:2.4.7"
  conditions: os=darwin & cpu=arm64
  languageName: node
  linkType: hard

"@biomejs/cli-darwin-x64@npm:2.4.7":
  version: 2.4.7
  resolution: "@biomejs/cli-darwin-x64@npm:2.4.7"
  conditions: os=darwin & cpu=x64
  languageName: node
  linkType: hard

"@biomejs/cli-linux-arm64-musl@npm:2.4.7":
  version: 2.4.7
  resolution: "@biomejs/cli-linux-arm64-musl@npm:2.4.7"
  conditions: os=linux & cpu=arm64 & libc=musl
  languageName: node
  linkType: hard

"@biomejs/cli-linux-arm64@npm:2.4.7":
  version: 2.4.7
  resolution: "@biomejs/cli-linux-arm64@npm:2.4.7"
  conditions: os=linux & cpu=arm64 & libc=glibc
  languageName: node
  linkType: hard

"@biomejs/cli-linux-x64-musl@npm:2.4.7":
  version: 2.4.7
  resolution: "@biomejs/cli-linux-x64-musl@npm:2.4.7"
  conditions: os=linux & cpu=x64 & libc=musl
  languageName: node
  linkType: hard

"@biomejs/cli-linux-x64@npm:2.4.7":
  version: 2.4.7
  resolution: "@biomejs/cli-linux-x64@npm:2.4.7"
  conditions: os=linux & cpu=x64 & libc=glibc
  languageName: node
  linkType: hard

"@biomejs/cli-win32-arm64@npm:2.4.7":
  version: 2.4.7
  resolution: "@biomejs/cli-win32-arm64@npm:2.4.7"
  conditions: os=win32 & cpu=arm64
  languageName: node
  linkType: hard

"@biomejs/cli-win32-x64@npm:2.4.7":
  version: 2.4.7
  resolution: "@biomejs/cli-win32-x64@npm:2.4.7"
  conditions: os=win32 & cpu=x64
  languageName: node
  linkType: hard

"@sec-ant/readable-stream@npm:^0.4.1":
  version: 0.4.1
  resolution: "@sec-ant/readable-stream@npm:0.4.1"
  checksum: 10c0/64e9e9cf161e848067a5bf60cdc04d18495dc28bb63a8d9f8993e4dd99b91ad34e4b563c85de17d91ffb177ec17a0664991d2e115f6543e73236a906068987af
  languageName: node
  linkType: hard

"@sindresorhus/merge-streams@npm:^4.0.0":
  version: 4.0.0
  resolution: "@sindresorhus/merge-streams@npm:4.0.0"
  checksum: 10c0/482ee543629aa1933b332f811a1ae805a213681ecdd98c042b1c1b89387df63e7812248bb4df3910b02b3cc5589d3d73e4393f30e197c9dde18046ccd471fc6b
  languageName: node
  linkType: hard

"biome-repro@workspace:.":
  version: 0.0.0-use.local
  resolution: "biome-repro@workspace:."
  dependencies:
    "@biomejs/biome": "npm:2.4.7"
    execa: "npm:^9.6.1"
  languageName: unknown
  linkType: soft

"cross-spawn@npm:^7.0.6":
  version: 7.0.6
  resolution: "cross-spawn@npm:7.0.6"
  dependencies:
    path-key: "npm:^3.1.0"
    shebang-command: "npm:^2.0.0"
    which: "npm:^2.0.1"
  checksum: 10c0/053ea8b2135caff68a9e81470e845613e374e7309a47731e81639de3eaeb90c3d01af0e0b44d2ab9d50b43467223b88567dfeb3262db942dc063b9976718ffc1
  languageName: node
  linkType: hard

"execa@npm:^9.6.1":
  version: 9.6.1
  resolution: "execa@npm:9.6.1"
  dependencies:
    "@sindresorhus/merge-streams": "npm:^4.0.0"
    cross-spawn: "npm:^7.0.6"
    figures: "npm:^6.1.0"
    get-stream: "npm:^9.0.0"
    human-signals: "npm:^8.0.1"
    is-plain-obj: "npm:^4.1.0"
    is-stream: "npm:^4.0.1"
    npm-run-path: "npm:^6.0.0"
    pretty-ms: "npm:^9.2.0"
    signal-exit: "npm:^4.1.0"
    strip-final-newline: "npm:^4.0.0"
    yoctocolors: "npm:^2.1.1"
  checksum: 10c0/636b36585306a3c8bc3a9d7b25d2d915fb06d8c9b9b02a804280d62562de3b34535affc1b7702b039320e0953daa6545a073f3c4b63fe974c1fe11336c56b467
  languageName: node
  linkType: hard

"figures@npm:^6.1.0":
  version: 6.1.0
  resolution: "figures@npm:6.1.0"
  dependencies:
    is-unicode-supported: "npm:^2.0.0"
  checksum: 10c0/9159df4264d62ef447a3931537de92f5012210cf5135c35c010df50a2169377581378149abfe1eb238bd6acbba1c0d547b1f18e0af6eee49e30363cedaffcfe4
  languageName: node
  linkType: hard

"get-stream@npm:^9.0.0":
  version: 9.0.1
  resolution: "get-stream@npm:9.0.1"
  dependencies:
    "@sec-ant/readable-stream": "npm:^0.4.1"
    is-stream: "npm:^4.0.1"
  checksum: 10c0/d70e73857f2eea1826ac570c3a912757dcfbe8a718a033fa0c23e12ac8e7d633195b01710e0559af574cbb5af101009b42df7b6f6b29ceec8dbdf7291931b948
  languageName: node
  linkType: hard

"human-signals@npm:^8.0.1":
  version: 8.0.1
  resolution: "human-signals@npm:8.0.1"
  checksum: 10c0/195ac607108c56253757717242e17cd2e21b29f06c5d2dad362e86c672bf2d096e8a3bbb2601841c376c2301c4ae7cff129e87f740aa4ebff1390c163114c7c4
  languageName: node
  linkType: hard

"is-plain-obj@npm:^4.1.0":
  version: 4.1.0
  resolution: "is-plain-obj@npm:4.1.0"
  checksum: 10c0/32130d651d71d9564dc88ba7e6fda0e91a1010a3694648e9f4f47bb6080438140696d3e3e15c741411d712e47ac9edc1a8a9de1fe76f3487b0d90be06ac9975e
  languageName: node
  linkType: hard

"is-stream@npm:^4.0.1":
  version: 4.0.1
  resolution: "is-stream@npm:4.0.1"
  checksum: 10c0/2706c7f19b851327ba374687bc4a3940805e14ca496dc672b9629e744d143b1ad9c6f1b162dece81c7bfbc0f83b32b61ccc19ad2e05aad2dd7af347408f60c7f
  languageName: node
  linkType: hard

"is-unicode-supported@npm:^2.0.0":
  version: 2.1.0
  resolution: "is-unicode-supported@npm:2.1.0"
  checksum: 10c0/a0f53e9a7c1fdbcf2d2ef6e40d4736fdffff1c9f8944c75e15425118ff3610172c87bf7bc6c34d3903b04be59790bb2212ddbe21ee65b5a97030fc50370545a5
  languageName: node
  linkType: hard

"isexe@npm:^2.0.0":
  version: 2.0.0
  resolution: "isexe@npm:2.0.0"
  checksum: 10c0/228cfa503fadc2c31596ab06ed6aa82c9976eec2bfd83397e7eaf06d0ccf42cd1dfd6743bf9aeb01aebd4156d009994c5f76ea898d2832c1fe342da923ca457d
  languageName: node
  linkType: hard

"npm-run-path@npm:^6.0.0":
  version: 6.0.0
  resolution: "npm-run-path@npm:6.0.0"
  dependencies:
    path-key: "npm:^4.0.0"
    unicorn-magic: "npm:^0.3.0"
  checksum: 10c0/b223c8a0dcd608abf95363ea5c3c0ccc3cd877daf0102eaf1b0f2390d6858d8337fbb7c443af2403b067a7d2c116d10691ecd22ab3c5273c44da1ff8d07753bd
  languageName: node
  linkType: hard

"parse-ms@npm:^4.0.0":
  version: 4.0.0
  resolution: "parse-ms@npm:4.0.0"
  checksum: 10c0/a7900f4f1ebac24cbf5e9708c16fb2fd482517fad353aecd7aefb8c2ba2f85ce017913ccb8925d231770404780df46244ea6fec598b3bde6490882358b4d2d16
  languageName: node
  linkType: hard

"path-key@npm:^3.1.0":
  version: 3.1.1
  resolution: "path-key@npm:3.1.1"
  checksum: 10c0/748c43efd5a569c039d7a00a03b58eecd1d75f3999f5a28303d75f521288df4823bc057d8784eb72358b2895a05f29a070bc9f1f17d28226cc4e62494cc58c4c
  languageName: node
  linkType: hard

"path-key@npm:^4.0.0":
  version: 4.0.0
  resolution: "path-key@npm:4.0.0"
  checksum: 10c0/794efeef32863a65ac312f3c0b0a99f921f3e827ff63afa5cb09a377e202c262b671f7b3832a4e64731003fa94af0263713962d317b9887bd1e0c48a342efba3
  languageName: node
  linkType: hard

"pretty-ms@npm:^9.2.0":
  version: 9.3.0
  resolution: "pretty-ms@npm:9.3.0"
  dependencies:
    parse-ms: "npm:^4.0.0"
  checksum: 10c0/555ea39a1de48a30601938aedb76d682871d33b6dee015281c37108921514b11e1792928b1648c2e5589acc73c8ef0fb5e585fb4c718e340a28b86799e90fb34
  languageName: node
  linkType: hard

"shebang-command@npm:^2.0.0":
  version: 2.0.0
  resolution: "shebang-command@npm:2.0.0"
  dependencies:
    shebang-regex: "npm:^3.0.0"
  checksum: 10c0/a41692e7d89a553ef21d324a5cceb5f686d1f3c040759c50aab69688634688c5c327f26f3ecf7001ebfd78c01f3c7c0a11a7c8bfd0a8bc9f6240d4f40b224e4e
  languageName: node
  linkType: hard

"shebang-regex@npm:^3.0.0":
  version: 3.0.0
  resolution: "shebang-regex@npm:3.0.0"
  checksum: 10c0/1dbed0726dd0e1152a92696c76c7f06084eb32a90f0528d11acd764043aacf76994b2fb30aa1291a21bd019d6699164d048286309a278855ee7bec06cf6fb690
  languageName: node
  linkType: hard

"signal-exit@npm:^4.1.0":
  version: 4.1.0
  resolution: "signal-exit@npm:4.1.0"
  checksum: 10c0/41602dce540e46d599edba9d9860193398d135f7ff72cab629db5171516cfae628d21e7bfccde1bbfdf11c48726bc2a6d1a8fb8701125852fbfda7cf19c6aa83
  languageName: node
  linkType: hard

"strip-final-newline@npm:^4.0.0":
  version: 4.0.0
  resolution: "strip-final-newline@npm:4.0.0"
  checksum: 10c0/b0cf2b62d597a1b0e3ebc42b88767f0a0d45601f89fd379a928a1812c8779440c81abba708082c946445af1d6b62d5f16e2a7cf4f30d9d6587b89425fae801ff
  languageName: node
  linkType: hard

"unicorn-magic@npm:^0.3.0":
  version: 0.3.0
  resolution: "unicorn-magic@npm:0.3.0"
  checksum: 10c0/0a32a997d6c15f1c2a077a15b1c4ca6f268d574cf5b8975e778bb98e6f8db4ef4e86dfcae4e158cd4c7e38fb4dd383b93b13eefddc7f178dea13d3ac8a603271
  languageName: node
  linkType: hard

"which@npm:^2.0.1":
  version: 2.0.2
  resolution: "which@npm:2.0.2"
  dependencies:
    isexe: "npm:^2.0.0"
  bin:
    node-which: ./bin/node-which
  checksum: 10c0/66522872a768b60c2a65a57e8ad184e5372f5b6a9ca6d5f033d4b0dc98aff63995655a7503b9c0a2598936f532120e81dd8cc155e2e92ed662a2b9377cc4374f
  languageName: node
  linkType: hard

"yoctocolors@npm:^2.1.1":
  version: 2.1.2
  resolution: "yoctocolors@npm:2.1.2"
  checksum: 10c0/b220f30f53ebc2167330c3adc86a3c7f158bcba0236f6c67e25644c3188e2571a6014ffc1321943bb619460259d3d27eb4c9cc58c2d884c1b195805883ec7066
  languageName: node
  linkType: hard
