# This file is generated by running "yarn install" inside your project.
# Manual changes might be lost - proceed with caution!

__metadata:
  version: 8
  cacheKey: 10c0

"@biomejs/biome@npm:2.4.7":
  version: 2.4.7
  resolution: "@biomejs/biome@npm:2.4.7"
  dependencies:
    "@biomejs/cli-darwin-arm64": "npm:2.4.7"
    "@biomejs/cli-darwin-x64": "npm:2.4.7"
    "@biomejs/cli-linux-arm64": "npm:2.4.7"
    "@biomejs/cli-linux-arm64-musl": "npm:2.4.7"
    "@biomejs/cli-linux-x64": "npm:2.4.7"
    "@biomejs/cli-linux-x64-musl": "npm:2.4.7"
    "@biomejs/cli-win32-arm64": "npm:2.4.7"
    "@biomejs/cli-win32-x64": "npm:2.4.7"
  dependenciesMeta:
    "@biomejs/cli-darwin-arm64":
      optional: true
    "@biomejs/cli-darwin-x64":
      optional: true
    "@biomejs/cli-linux-arm64":
      optional: true
    "@biomejs/cli-linux-arm64-musl":
      optional: true
    "@biomejs/cli-linux-x64":
      optional: true
    "@biomejs/cli-linux-x64-musl":
      optional: true
    "@biomejs/cli-win32-arm64":
      optional: true
    "@biomejs/cli-win32-x64":
      optional: true
  bin:
    biome: bin/biome
  checksum: 10c0/c073da6f081b72e061e471f6bc6d8680978dceb84a3528cb58117466d38ecb7cef075d949875d2371a268af030c2afece0fb6dd593d124fc8706c9307909f244
  languageName: node
  linkType: hard

"@biomejs/cli-darwin-arm64@npm:2.4.7":
  version: 2.4.7
  resolution: "@biomejs/cli-darwin-arm64@npm:2.4.7"
  conditions: os=darwin & cpu=arm64
  languageName: node
  linkType: hard

"@biomejs/cli-darwin-x64@npm:2.4.7":
  version: 2.4.7
  resolution: "@biomejs/cli-darwin-x64@npm:2.4.7"
  conditions: os=darwin & cpu=x64
  languageName: node
  linkType: hard

"@biomejs/cli-linux-arm64-musl@npm:2.4.7":
  version: 2.4.7
  resolution: "@biomejs/cli-linux-arm64-musl@npm:2.4.7"
  conditions: os=linux & cpu=arm64 & libc=musl
  languageName: node
  linkType: hard

"@biomejs/cli-linux-arm64@npm:2.4.7":
  version: 2.4.7
  resolution: "@biomejs/cli-linux-arm64@npm:2.4.7"
  conditions: os=linux & cpu=arm64 & libc=glibc
  languageName: node
  linkType: hard

"@biomejs/cli-linux-x64-musl@npm:2.4.7":
  version: 2.4.7
  resolution: "@biomejs/cli-linux-x64-musl@npm:2.4.7"
  conditions: os=linux & cpu=x64 & libc=musl
  languageName: node
  linkType: hard

"@biomejs/cli-linux-x64@npm:2.4.7":
  version: 2.4.7
  resolution: "@biomejs/cli-linux-x64@npm:2.4.7"
  conditions: os=linux & cpu=x64 & libc=glibc
  languageName: node
  linkType: hard

"@biomejs/cli-win32-arm64@npm:2.4.7":
  version: 2.4.7
  resolution: "@biomejs/cli-win32-arm64@npm:2.4.7"
  conditions: os=win32 & cpu=arm64
  languageName: node
  linkType: hard

"@biomejs/cli-win32-x64@npm:2.4.7":
  version: 2.4.7
  resolution: "@biomejs/cli-win32-x64@npm:2.4.7"
  conditions: os=win32 & cpu=x64
  languageName: node
  linkType: hard

"biome-repro@workspace:.":
  version: 0.0.0-use.local
  resolution: "biome-repro@workspace:."
  dependencies:
    "@biomejs/biome": "npm:2.4.7"
  languageName: unknown
  linkType: soft
